
Microsoft Visual Studio Solution File, Format Version 12.00
# Visual Studio 15
VisualStudioVersion = 15.0.28307.572
MinimumVisualStudioVersion = 10.0.40219.1
Project("{FAE04EC0-301F-11D3-BF4B-00C04F79EFBC}") = "SportsStore", "SportsStore\SportsStore.csproj", "{24CED10C-8D6F-4C46-8805-D260CBBAC9D4}"
EndProject
Project("{FAE04EC0-301F-11D3-BF4B-00C04F79EFBC}") = "SportsStore.Tests", "SportsStore.Tests\SportsStore.Tests.csproj", "{EF1392F4-7887-450F-9AD8-21163722060C}"
EndProject
Global
	GlobalSection(SolutionConfigurationPlatforms) = preSolution
		Debug|Any CPU = Debug|Any CPU
		Release|Any CPU = Release|Any CPU
	EndGlobalSection
	GlobalSection(ProjectConfigurationPlatforms) = postSolution
		{24CED10C-8D6F-4C46-8805-D260CBBAC9D4}.Debug|Any CPU.ActiveCfg = Debug|Any CPU
		{24CED10C-8D6F-4C46-8805-D260CBBAC9D4}.Debug|Any CPU.Build.0 = Debug|Any CPU
		{24CED10C-8D6F-4C46-8805-D260CBBAC9D4}.Release|Any CPU.ActiveCfg = Release|Any CPU
		{24CED10C-8D6F-4C46-8805-D260CBBAC9D4}.Release|Any CPU.Build.0 = Release|Any CPU
		{EF1392F4-7887-450F-9AD8-21163722060C}.Debug|Any CPU.ActiveCfg = Debug|Any CPU
		{EF1392F4-7887-450F-9AD8-21163722060C}.Debug|Any CPU.Build.0 = Debug|Any CPU
		{EF1392F4-7887-450F-9AD8-21163722060C}.Release|Any CPU.ActiveCfg = Release|Any CPU
		{EF1392F4-7887-450F-9AD8-21163722060C}.Release|Any CPU.Build.0 = Release|Any CPU
	EndGlobalSection
	GlobalSection(SolutionProperties) = preSolution
		HideSolutionNode = FALSE
	EndGlobalSection
	GlobalSection(ExtensibilityGlobals) = postSolution
		SolutionGuid = {0D524C07-6621-4A6A-8EFD-F71E94F12603}
	EndGlobalSection
EndGlobal
